
Microsoft Visual Studio Solution File, Format Version 12.00
# Visual Studio Version 16
VisualStudioVersion = 16.0.30523.141
MinimumVisualStudioVersion = 10.0.40219.1
Project("{FAE04EC0-301F-11D3-BF4B-00C04F79EFBC}") = "CSV-JSON-Converter", "CSV-JSON-Converter.csproj", "{DDEEC6F0-9972-45A3-B783-FB5CFAF0C151}"
EndProject
Global
	GlobalSection(SolutionConfigurationPlatforms) = preSolution
		Debug|Any CPU = Debug|Any CPU
		Release|Any CPU = Release|Any CPU
	EndGlobalSection
	GlobalSection(ProjectConfigurationPlatforms) = postSolution
		{DDEEC6F0-9972-45A3-B783-FB5CFAF0C151}.Debug|Any CPU.ActiveCfg = Debug|Any CPU
		{DDEEC6F0-9972-45A3-B783-FB5CFAF0C151}.Debug|Any CPU.Build.0 = Debug|Any CPU
		{DDEEC6F0-9972-45A3-B783-FB5CFAF0C151}.Release|Any CPU.ActiveCfg = Release|Any CPU
		{DDEEC6F0-9972-45A3-B783-FB5CFAF0C151}.Release|Any CPU.Build.0 = Release|Any CPU
	EndGlobalSection
	GlobalSection(SolutionProperties) = preSolution
		HideSolutionNode = FALSE
	EndGlobalSection
	GlobalSection(ExtensibilityGlobals) = postSolution
		SolutionGuid = {A248BC22-393A-48B3-81F3-4316D6E0A47E}
	EndGlobalSection
EndGlobal
